{
  "version": 4,
  "terraform_version": "1.4.5",
  "serial": 16,
  "lineage": "2dbb88cb-de02-1121-7a17-9eddc1290db5",
  "outputs": {
    "instance_id": {
      "value": "i-0d67f4c0d83e91632",
      "type": "string"
    }
  },
  "resources": [
    {
      "mode": "data",
      "type": "template_file",
      "name": "ec2_role_assume_policy",
      "provider": "provider[\"registry.terraform.io/hashicorp/template\"]",
      "instances": [
        {
          "schema_version": 0,
          "attributes": {
            "filename": null,
            "id": "85050b26e0ea7cf45bc3faa309c6af4c85344c9750292bd80feca3c059918fba",
            "rendered": "{\n    \"Version\": \"2012-10-17\",\n    \"Statement\": [\n        {\n            \"Sid\": \"AllowAll\",\n            \"Effect\": \"Allow\",\n            \"Principal\": {\n                \"AWS\": [\n                    \"arn:aws:iam::360929817018:root\"\n                ],\n                \"Service\": [\n                    \"ec2.amazonaws.com\"\n                ]\n            },\n            \"Action\": \"sts:AssumeRole\"\n        }\n    ]\n}",
            "template": "{\n    \"Version\": \"2012-10-17\",\n    \"Statement\": [\n        {\n            \"Sid\": \"AllowAll\",\n            \"Effect\": \"Allow\",\n            \"Principal\": {\n                \"AWS\": [\n                    \"arn:aws:iam::${aws_account}:root\"\n                ],\n                \"Service\": [\n                    \"ec2.amazonaws.com\"\n                ]\n            },\n            \"Action\": \"sts:AssumeRole\"\n        }\n    ]\n}",
            "vars": {
              "aws_account": "360929817018"
            }
          },
          "sensitive_attributes": []
        }
      ]
    },
    {
      "mode": "data",
      "type": "template_file",
      "name": "ec2_role_policy",
      "provider": "provider[\"registry.terraform.io/hashicorp/template\"]",
      "instances": [
        {
          "schema_version": 0,
          "attributes": {
            "filename": null,
            "id": "0d61628f2dafd91d5cced23b48d06211324becd662d24d72700251c126cecf7d",
            "rendered": "{\n    \"Version\": \"2012-10-17\",\n    \"Statement\": [\n        {\n            \"Sid\": \"AutomationOpsRolePermissions\",\n            \"Effect\": \"Allow\",\n            \"Action\": [\n                \"iam:PassRole\",\n                \"sts:AssumeRole\",\n                \"*\"\n            ],\n            \"Resource\": \"*\"\n        }\n    ]\n}",
            "template": "{\n    \"Version\": \"2012-10-17\",\n    \"Statement\": [\n        {\n            \"Sid\": \"AutomationOpsRolePermissions\",\n            \"Effect\": \"Allow\",\n            \"Action\": [\n                \"iam:PassRole\",\n                \"sts:AssumeRole\",\n                \"*\"\n            ],\n            \"Resource\": \"*\"\n        }\n    ]\n}",
            "vars": {
              "aws_account": "360929817018"
            }
          },
          "sensitive_attributes": []
        }
      ]
    },
    {
      "mode": "managed",
      "type": "aws_iam_instance_profile",
      "name": "ec2_profile",
      "provider": "provider[\"registry.terraform.io/hashicorp/aws\"]",
      "instances": [
        {
          "schema_version": 0,
          "attributes": {
            "arn": "arn:aws:iam::360929817018:instance-profile/SSMRoleForInstancesProfile",
            "create_date": "2023-05-21T04:04:34Z",
            "id": "SSMRoleForInstancesProfile",
            "name": "SSMRoleForInstancesProfile",
            "name_prefix": "",
            "path": "/",
            "role": "SSMRoleForInstances",
            "tags": {},
            "tags_all": {},
            "unique_id": "AIPAVICIX6G5HMBREYXSS"
          },
          "sensitive_attributes": [],
          "private": "bnVsbA==",
          "dependencies": [
            "aws_iam_role.ec2_role",
            "data.template_file.ec2_role_assume_policy"
          ]
        }
      ]
    },
    {
      "mode": "managed",
      "type": "aws_iam_policy",
      "name": "ops_policy",
      "provider": "provider[\"registry.terraform.io/hashicorp/aws\"]",
      "instances": [
        {
          "schema_version": 0,
          "attributes": {
            "arn": "arn:aws:iam::360929817018:policy/vultr_execution_policies",
            "description": "",
            "id": "arn:aws:iam::360929817018:policy/vultr_execution_policies",
            "name": "vultr_execution_policies",
            "name_prefix": "",
            "path": "/",
            "policy": "{\"Statement\":[{\"Action\":[\"iam:PassRole\",\"sts:AssumeRole\",\"*\"],\"Effect\":\"Allow\",\"Resource\":\"*\",\"Sid\":\"AutomationOpsRolePermissions\"}],\"Version\":\"2012-10-17\"}",
            "policy_id": "ANPAVICIX6G5BZFDQD4TT",
            "tags": {},
            "tags_all": {}
          },
          "sensitive_attributes": [],
          "private": "bnVsbA==",
          "dependencies": [
            "data.template_file.ec2_role_policy"
          ]
        }
      ]
    },
    {
      "mode": "managed",
      "type": "aws_iam_role",
      "name": "ec2_role",
      "provider": "provider[\"registry.terraform.io/hashicorp/aws\"]",
      "instances": [
        {
          "schema_version": 0,
          "attributes": {
            "arn": "arn:aws:iam::360929817018:role/SSMRoleForInstances",
            "assume_role_policy": "{\"Statement\":[{\"Action\":\"sts:AssumeRole\",\"Effect\":\"Allow\",\"Principal\":{\"AWS\":[\"arn:aws:iam::360929817018:root\"],\"Service\":[\"ec2.amazonaws.com\"]},\"Sid\":\"AllowAll\"}],\"Version\":\"2012-10-17\"}",
            "create_date": "2023-05-21T04:04:33Z",
            "description": "",
            "force_detach_policies": false,
            "id": "SSMRoleForInstances",
            "inline_policy": [],
            "managed_policy_arns": [
              "arn:aws:iam::360929817018:policy/vultr_execution_policies",
              "arn:aws:iam::aws:policy/AmazonSSMManagedInstanceCore",
              "arn:aws:iam::aws:policy/AmazonSSMPatchAssociation"
            ],
            "max_session_duration": 3600,
            "name": "SSMRoleForInstances",
            "name_prefix": "",
            "path": "/",
            "permissions_boundary": null,
            "tags": {},
            "tags_all": {},
            "unique_id": "AROAVICIX6G5NBJXUQYTB"
          },
          "sensitive_attributes": [],
          "private": "bnVsbA==",
          "dependencies": [
            "data.template_file.ec2_role_assume_policy"
          ]
        }
      ]
    },
    {
      "mode": "managed",
      "type": "aws_iam_role_policy_attachment",
      "name": "ec2_role_policy_attach",
      "provider": "provider[\"registry.terraform.io/hashicorp/aws\"]",
      "instances": [
        {
          "schema_version": 0,
          "attributes": {
            "id": "SSMRoleForInstances-20230521040434878900000001",
            "policy_arn": "arn:aws:iam::360929817018:policy/vultr_execution_policies",
            "role": "SSMRoleForInstances"
          },
          "sensitive_attributes": [],
          "private": "bnVsbA==",
          "dependencies": [
            "aws_iam_policy.ops_policy",
            "aws_iam_role.ec2_role",
            "data.template_file.ec2_role_assume_policy",
            "data.template_file.ec2_role_policy"
          ]
        }
      ]
    },
    {
      "mode": "managed",
      "type": "aws_iam_role_policy_attachment",
      "name": "ec2_role_policy_attach_1",
      "provider": "provider[\"registry.terraform.io/hashicorp/aws\"]",
      "instances": [
        {
          "schema_version": 0,
          "attributes": {
            "id": "SSMRoleForInstances-20230521040435187900000003",
            "policy_arn": "arn:aws:iam::aws:policy/AmazonSSMManagedInstanceCore",
            "role": "SSMRoleForInstances"
          },
          "sensitive_attributes": [],
          "private": "bnVsbA==",
          "dependencies": [
            "aws_iam_role.ec2_role",
            "data.template_file.ec2_role_assume_policy"
          ]
        }
      ]
    },
    {
      "mode": "managed",
      "type": "aws_iam_role_policy_attachment",
      "name": "ec2_role_policy_attach_2",
      "provider": "provider[\"registry.terraform.io/hashicorp/aws\"]",
      "instances": [
        {
          "schema_version": 0,
          "attributes": {
            "id": "SSMRoleForInstances-20230521040434878900000002",
            "policy_arn": "arn:aws:iam::aws:policy/AmazonSSMPatchAssociation",
            "role": "SSMRoleForInstances"
          },
          "sensitive_attributes": [],
          "private": "bnVsbA==",
          "dependencies": [
            "aws_iam_role.ec2_role",
            "data.template_file.ec2_role_assume_policy"
          ]
        }
      ]
    },
    {
      "mode": "managed",
      "type": "aws_instance",
      "name": "ec2",
      "provider": "provider[\"registry.terraform.io/hashicorp/aws\"]",
      "instances": [
        {
          "schema_version": 1,
          "attributes": {
            "ami": "ami-0d9f286195031c3d9",
            "arn": "arn:aws:ec2:ap-southeast-2:360929817018:instance/i-0d67f4c0d83e91632",
            "associate_public_ip_address": true,
            "availability_zone": "ap-southeast-2a",
            "capacity_reservation_specification": [
              {
                "capacity_reservation_preference": "open",
                "capacity_reservation_target": []
              }
            ],
            "cpu_core_count": 1,
            "cpu_threads_per_core": 1,
            "credit_specification": [
              {
                "cpu_credits": "standard"
              }
            ],
            "disable_api_stop": false,
            "disable_api_termination": false,
            "ebs_block_device": [],
            "ebs_optimized": false,
            "enclave_options": [
              {
                "enabled": false
              }
            ],
            "ephemeral_block_device": [],
            "get_password_data": false,
            "hibernation": false,
            "host_id": "",
            "host_resource_group_arn": null,
            "iam_instance_profile": "SSMRoleForInstancesProfile",
            "id": "i-0d67f4c0d83e91632",
            "instance_initiated_shutdown_behavior": "stop",
            "instance_state": "running",
            "instance_type": "t2.micro",
            "ipv6_address_count": 0,
            "ipv6_addresses": [],
            "key_name": "vultr",
            "launch_template": [],
            "maintenance_options": [
              {
                "auto_recovery": "default"
              }
            ],
            "metadata_options": [
              {
                "http_endpoint": "enabled",
                "http_put_response_hop_limit": 2,
                "http_tokens": "required",
                "instance_metadata_tags": "disabled"
              }
            ],
            "monitoring": false,
            "network_interface": [],
            "outpost_arn": "",
            "password_data": "",
            "placement_group": "",
            "placement_partition_number": 0,
            "primary_network_interface_id": "eni-03c39ecf0717709ad",
            "private_dns": "ip-172-31-2-74.ap-southeast-2.compute.internal",
            "private_dns_name_options": [
              {
                "enable_resource_name_dns_a_record": false,
                "enable_resource_name_dns_aaaa_record": false,
                "hostname_type": "ip-name"
              }
            ],
            "private_ip": "172.31.2.74",
            "public_dns": "ec2-3-25-72-89.ap-southeast-2.compute.amazonaws.com",
            "public_ip": "3.25.72.89",
            "root_block_device": [
              {
                "delete_on_termination": true,
                "device_name": "/dev/xvda",
                "encrypted": false,
                "iops": 3000,
                "kms_key_id": "",
                "tags": {},
                "throughput": 125,
                "volume_id": "vol-074c16b7402a12d3f",
                "volume_size": 8,
                "volume_type": "gp3"
              }
            ],
            "secondary_private_ips": [],
            "security_groups": [
              "ec2_sg"
            ],
            "source_dest_check": true,
            "subnet_id": "subnet-02440edc2d10c64cd",
            "tags": {
              "Name": "vultr"
            },
            "tags_all": {
              "Name": "vultr"
            },
            "tenancy": "default",
            "timeouts": null,
            "user_data": "b449f29e42e5cc5a638bd14b0d72cad7f4ac5e44",
            "user_data_base64": null,
            "user_data_replace_on_change": false,
            "volume_tags": null,
            "vpc_security_group_ids": [
              "sg-0fc2f894786b7d72d"
            ]
          },
          "sensitive_attributes": [],
          "private": "eyJlMmJmYjczMC1lY2FhLTExZTYtOGY4OC0zNDM2M2JjN2M0YzAiOnsiY3JlYXRlIjo2MDAwMDAwMDAwMDAsImRlbGV0ZSI6MTIwMDAwMDAwMDAwMCwidXBkYXRlIjo2MDAwMDAwMDAwMDB9LCJzY2hlbWFfdmVyc2lvbiI6IjEifQ==",
          "dependencies": [
            "aws_iam_instance_profile.ec2_profile",
            "aws_iam_role.ec2_role",
            "aws_key_pair.deployer",
            "aws_security_group.ec2_sg",
            "data.template_file.ec2_role_assume_policy"
          ]
        }
      ]
    },
    {
      "mode": "managed",
      "type": "aws_key_pair",
      "name": "deployer",
      "provider": "provider[\"registry.terraform.io/hashicorp/aws\"]",
      "instances": [
        {
          "schema_version": 1,
          "attributes": {
            "arn": "arn:aws:ec2:ap-southeast-2:360929817018:key-pair/vultr",
            "fingerprint": "57:9b:d7:f0:8f:eb:ff:ee:1a:48:53:e4:99:e8:2b:ab",
            "id": "vultr",
            "key_name": "vultr",
            "key_name_prefix": "",
            "key_pair_id": "key-0f26af706f18f1cad",
            "key_type": "rsa",
            "public_key": "ssh-rsa AAAAB3NzaC1yc2EAAAADAQABAAACAQDMBEu+t1M7Fe6NvpJEY8K/HAHZQ4rYs8SM9j6f9aDkZ8UIPGJpAOMcL7szcwp+f+ItJ5lLCTn+cYfuvjPN8iBR2n9Ri3J18BMtGlHxuU0en+OK7YAxuRS4Inz0o0OM6gl0nA6qvvaG7GGlqoMYjpxrxi1Rx7MRNTeH0O171tObRXbHEPAsVhkHLvyggHI3/wVYPFZs8f3sdNB2zW6u/uTVBWQUGjWcIxMKEPFiBNq/LjA66frZJjNHNKn+bVf/CyMbWH12PR3qCnJF1WUpFXat0NU8myab6D4dtSOAZRliJO9bOJqHQv7cHGZ9gEUuqbNui/KjVj9Zr0PsXyKeKyhiESKZMaa5LVbFcmQ2U+taPe7A9Aqp3uaxcZQdike7DODXMNGL3ReBXUObO8Q2hRCS4RfQZq2lh347gM/6sdYoblploeLirvvszYbqR7rppCgXgQYOr/YTetSK6gQUsFc8hPaAWk7IMOlGOq3y278OWpVfUYHsq0MNaaiwaPvtS8BJkBG2oleEpBU/mn+CHjRbTMlgQwtSsM5kbdHYAPG5R+jfOWI0QtxzcNIn3nPGvUEPHsvPuLF7TZNDnxg1h85D7qZANy3RjbzbI3DxcrEvYy7kIlgg7sRx5EVd8KEz8xvE+ZFDpjb96iOuBB1nZTSrqoxKUJAFpwG/2m9JVGbGIw==",
            "tags": {},
            "tags_all": {}
          },
          "sensitive_attributes": [],
          "private": "eyJzY2hlbWFfdmVyc2lvbiI6IjEifQ=="
        }
      ]
    },
    {
      "mode": "managed",
      "type": "aws_security_group",
      "name": "ec2_sg",
      "provider": "provider[\"registry.terraform.io/hashicorp/aws\"]",
      "instances": [
        {
          "schema_version": 1,
          "attributes": {
            "arn": "arn:aws:ec2:ap-southeast-2:360929817018:security-group/sg-0fc2f894786b7d72d",
            "description": "Allow SSH and ICMP from VPC",
            "egress": [
              {
                "cidr_blocks": [
                  "0.0.0.0/0"
                ],
                "description": "",
                "from_port": 0,
                "ipv6_cidr_blocks": [],
                "prefix_list_ids": [],
                "protocol": "-1",
                "security_groups": [],
                "self": false,
                "to_port": 0
              }
            ],
            "id": "sg-0fc2f894786b7d72d",
            "ingress": [
              {
                "cidr_blocks": [
                  "0.0.0.0/0"
                ],
                "description": "HTTP",
                "from_port": 80,
                "ipv6_cidr_blocks": [],
                "prefix_list_ids": [],
                "protocol": "tcp",
                "security_groups": [],
                "self": false,
                "to_port": 80
              },
              {
                "cidr_blocks": [
                  "0.0.0.0/0"
                ],
                "description": "HTTPS",
                "from_port": 443,
                "ipv6_cidr_blocks": [],
                "prefix_list_ids": [],
                "protocol": "tcp",
                "security_groups": [],
                "self": false,
                "to_port": 443
              },
              {
                "cidr_blocks": [
                  "0.0.0.0/0"
                ],
                "description": "v2ray tcp",
                "from_port": 1210,
                "ipv6_cidr_blocks": [],
                "prefix_list_ids": [],
                "protocol": "tcp",
                "security_groups": [],
                "self": false,
                "to_port": 1210
              },
              {
                "cidr_blocks": [
                  "0.0.0.0/0"
                ],
                "description": "v2ray tcp",
                "from_port": 1310,
                "ipv6_cidr_blocks": [],
                "prefix_list_ids": [],
                "protocol": "tcp",
                "security_groups": [],
                "self": false,
                "to_port": 1310
              },
              {
                "cidr_blocks": [
                  "0.0.0.0/0"
                ],
                "description": "v2ray udp",
                "from_port": 1210,
                "ipv6_cidr_blocks": [],
                "prefix_list_ids": [],
                "protocol": "udp",
                "security_groups": [],
                "self": false,
                "to_port": 1210
              },
              {
                "cidr_blocks": [
                  "10.2.3.4/32"
                ],
                "description": "SSH",
                "from_port": 22,
                "ipv6_cidr_blocks": [],
                "prefix_list_ids": [],
                "protocol": "tcp",
                "security_groups": [],
                "self": false,
                "to_port": 22
              },
              {
                "cidr_blocks": [
                  "119.18.1.106/32"
                ],
                "description": "SSH",
                "from_port": 22,
                "ipv6_cidr_blocks": [],
                "prefix_list_ids": [],
                "protocol": "tcp",
                "security_groups": [],
                "self": false,
                "to_port": 22
              }
            ],
            "name": "ec2_sg",
            "name_prefix": "",
            "owner_id": "360929817018",
            "revoke_rules_on_delete": false,
            "tags": {},
            "tags_all": {},
            "timeouts": null,
            "vpc_id": "vpc-00acd8095086adf0b"
          },
          "sensitive_attributes": [],
          "private": "eyJlMmJmYjczMC1lY2FhLTExZTYtOGY4OC0zNDM2M2JjN2M0YzAiOnsiY3JlYXRlIjo2MDAwMDAwMDAwMDAsImRlbGV0ZSI6OTAwMDAwMDAwMDAwfSwic2NoZW1hX3ZlcnNpb24iOiIxIn0="
        }
      ]
    }
  ],
  "check_results": null
}
